
Microsoft Visual Studio Solution File, Format Version 12.00
# Visual Studio Version 17
VisualStudioVersion = 17.9.34723.18
MinimumVisualStudioVersion = 10.0.40219.1
Project("{8BC9CEB8-8B4A-11D0-8D11-00A0C91BC942}") = "console SNBT", "console SNBT\console SNBT.vcxproj", "{8A8B75CA-F009-4068-9B9B-735E208A0251}"
EndProject
Global
	GlobalSection(SolutionConfigurationPlatforms) = preSolution
		Debug|x64 = Debug|x64
		Debug|x86 = Debug|x86
		Release|x64 = Release|x64
		Release|x86 = Release|x86
	EndGlobalSection
	GlobalSection(ProjectConfigurationPlatforms) = postSolution
		{8A8B75CA-F009-4068-9B9B-735E208A0251}.Debug|x64.ActiveCfg = Debug|x64
		{8A8B75CA-F009-4068-9B9B-735E208A0251}.Debug|x64.Build.0 = Debug|x64
		{8A8B75CA-F009-4068-9B9B-735E208A0251}.Debug|x86.ActiveCfg = Debug|Win32
		{8A8B75CA-F009-4068-9B9B-735E208A0251}.Debug|x86.Build.0 = Debug|Win32
		{8A8B75CA-F009-4068-9B9B-735E208A0251}.Release|x64.ActiveCfg = Release|x64
		{8A8B75CA-F009-4068-9B9B-735E208A0251}.Release|x64.Build.0 = Release|x64
		{8A8B75CA-F009-4068-9B9B-735E208A0251}.Release|x86.ActiveCfg = Release|Win32
		{8A8B75CA-F009-4068-9B9B-735E208A0251}.Release|x86.Build.0 = Release|Win32
	EndGlobalSection
	GlobalSection(SolutionProperties) = preSolution
		HideSolutionNode = FALSE
	EndGlobalSection
	GlobalSection(ExtensibilityGlobals) = postSolution
		SolutionGuid = {54BF2CCD-58B8-434A-8DA6-A2237EC40F54}
	EndGlobalSection
EndGlobal
